// !$*UTF8*$!
{
	archiveVersion = 1;
	classes = {
	};
	objectVersion = 56;
	objects = {

/* Begin PBXBuildFile section */
		021E7E4F2BDD795800760500 /* SignUpTwoViewController.swift in Sources */ = {isa = PBXBuildFile; fileRef = 021E7E4E2BDD795800760500 /* SignUpTwoViewController.swift */; };
		021E7E512BDD843C00760500 /* SignUpThreeViewController.swift in Sources */ = {isa = PBXBuildFile; fileRef = 021E7E502BDD843C00760500 /* SignUpThreeViewController.swift */; };
		021E7E532BDE26C000760500 /* UserInfoManager.swift in Sources */ = {isa = PBXBuildFile; fileRef = 021E7E522BDE26C000760500 /* UserInfoManager.swift */; };
		021E7E562BDE58C300760500 /* Alamofire in Frameworks */ = {isa = PBXBuildFile; productRef = 021E7E552BDE58C300760500 /* Alamofire */; };
		021E7E582BDE58C300760500 /* AlamofireDynamic in Frameworks */ = {isa = PBXBuildFile; productRef = 021E7E572BDE58C300760500 /* AlamofireDynamic */; };
		021E7E5A2BDEBB1300760500 /* DashboardViewController.swift in Sources */ = {isa = PBXBuildFile; fileRef = 021E7E592BDEBB1300760500 /* DashboardViewController.swift */; };
		024B81332BDD569600511DD0 /* AppDelegate.swift in Sources */ = {isa = PBXBuildFile; fileRef = 024B81322BDD569600511DD0 /* AppDelegate.swift */; };
		024B81352BDD569600511DD0 /* SceneDelegate.swift in Sources */ = {isa = PBXBuildFile; fileRef = 024B81342BDD569600511DD0 /* SceneDelegate.swift */; };
		024B81372BDD569600511DD0 /* ViewController.swift in Sources */ = {isa = PBXBuildFile; fileRef = 024B81362BDD569600511DD0 /* ViewController.swift */; };
		024B813A2BDD569600511DD0 /* Base in Resources */ = {isa = PBXBuildFile; fileRef = 024B81392BDD569600511DD0 /* Base */; };
		024B813C2BDD569800511DD0 /* Assets.xcassets in Resources */ = {isa = PBXBuildFile; fileRef = 024B813B2BDD569800511DD0 /* Assets.xcassets */; };
		024B813F2BDD569800511DD0 /* Base in Resources */ = {isa = PBXBuildFile; fileRef = 024B813E2BDD569800511DD0 /* Base */; };
		024B81472BDD59AF00511DD0 /* SignUpViewController.swift in Sources */ = {isa = PBXBuildFile; fileRef = 024B81462BDD59AF00511DD0 /* SignUpViewController.swift */; };
		024B81492BDD5ADE00511DD0 /* LoginViewController.swift in Sources */ = {isa = PBXBuildFile; fileRef = 024B81482BDD5ADE00511DD0 /* LoginViewController.swift */; };
		027FE2A12BDD723200007C2B /* SignUpOneViewController.swift in Sources */ = {isa = PBXBuildFile; fileRef = 027FE2A02BDD723200007C2B /* SignUpOneViewController.swift */; };
/* End PBXBuildFile section */

/* Begin PBXFileReference section */
		021E7E4E2BDD795800760500 /* SignUpTwoViewController.swift */ = {isa = PBXFileReference; lastKnownFileType = sourcecode.swift; path = SignUpTwoViewController.swift; sourceTree = "<group>"; };
		021E7E502BDD843C00760500 /* SignUpThreeViewController.swift */ = {isa = PBXFileReference; lastKnownFileType = sourcecode.swift; path = SignUpThreeViewController.swift; sourceTree = "<group>"; };
		021E7E522BDE26C000760500 /* UserInfoManager.swift */ = {isa = PBXFileReference; lastKnownFileType = sourcecode.swift; path = UserInfoManager.swift; sourceTree = "<group>"; };
		021E7E592BDEBB1300760500 /* DashboardViewController.swift */ = {isa = PBXFileReference; lastKnownFileType = sourcecode.swift; path = DashboardViewController.swift; sourceTree = "<group>"; };
		024B812F2BDD569600511DD0 /* Bab-Al.app */ = {isa = PBXFileReference; explicitFileType = wrapper.application; includeInIndex = 0; path = "Bab-Al.app"; sourceTree = BUILT_PRODUCTS_DIR; };
		024B81322BDD569600511DD0 /* AppDelegate.swift */ = {isa = PBXFileReference; lastKnownFileType = sourcecode.swift; path = AppDelegate.swift; sourceTree = "<group>"; };
		024B81342BDD569600511DD0 /* SceneDelegate.swift */ = {isa = PBXFileReference; lastKnownFileType = sourcecode.swift; path = SceneDelegate.swift; sourceTree = "<group>"; };
		024B81362BDD569600511DD0 /* ViewController.swift */ = {isa = PBXFileReference; lastKnownFileType = sourcecode.swift; path = ViewController.swift; sourceTree = "<group>"; };
		024B81392BDD569600511DD0 /* Base */ = {isa = PBXFileReference; lastKnownFileType = file.storyboard; name = Base; path = Base.lproj/Main.storyboard; sourceTree = "<group>"; };
		024B813B2BDD569800511DD0 /* Assets.xcassets */ = {isa = PBXFileReference; lastKnownFileType = folder.assetcatalog; path = Assets.xcassets; sourceTree = "<group>"; };
		024B813E2BDD569800511DD0 /* Base */ = {isa = PBXFileReference; lastKnownFileType = file.storyboard; name = Base; path = Base.lproj/LaunchScreen.storyboard; sourceTree = "<group>"; };
		024B81402BDD569800511DD0 /* Info.plist */ = {isa = PBXFileReference; lastKnownFileType = text.plist.xml; path = Info.plist; sourceTree = "<group>"; };
		024B81462BDD59AF00511DD0 /* SignUpViewController.swift */ = {isa = PBXFileReference; lastKnownFileType = sourcecode.swift; path = SignUpViewController.swift; sourceTree = "<group>"; };
		024B81482BDD5ADE00511DD0 /* LoginViewController.swift */ = {isa = PBXFileReference; lastKnownFileType = sourcecode.swift; path = LoginViewController.swift; sourceTree = "<group>"; };
		027FE2A02BDD723200007C2B /* SignUpOneViewController.swift */ = {isa = PBXFileReference; lastKnownFileType = sourcecode.swift; path = SignUpOneViewController.swift; sourceTree = "<group>"; };
/* End PBXFileReference section */

/* Begin PBXFrameworksBuildPhase section */
		024B812C2BDD569600511DD0 /* Frameworks */ = {
			isa = PBXFrameworksBuildPhase;
			buildActionMask = 2147483647;
			files = (
				021E7E562BDE58C300760500 /* Alamofire in Frameworks */,
				021E7E582BDE58C300760500 /* AlamofireDynamic in Frameworks */,
			);
			runOnlyForDeploymentPostprocessing = 0;
		};
/* End PBXFrameworksBuildPhase section */

/* Begin PBXGroup section */
		024B81262BDD569600511DD0 = {
			isa = PBXGroup;
			children = (
				024B81312BDD569600511DD0 /* Bab-Al */,
				024B81302BDD569600511DD0 /* Products */,
			);
			sourceTree = "<group>";
		};
		024B81302BDD569600511DD0 /* Products */ = {
			isa = PBXGroup;
			children = (
				024B812F2BDD569600511DD0 /* Bab-Al.app */,
			);
			name = Products;
			sourceTree = "<group>";
		};
		024B81312BDD569600511DD0 /* Bab-Al */ = {
			isa = PBXGroup;
			children = (
				021E7E502BDD843C00760500 /* SignUpThreeViewController.swift */,
				024B81322BDD569600511DD0 /* AppDelegate.swift */,
				024B81342BDD569600511DD0 /* SceneDelegate.swift */,
				024B81362BDD569600511DD0 /* ViewController.swift */,
				024B81382BDD569600511DD0 /* Main.storyboard */,
				021E7E592BDEBB1300760500 /* DashboardViewController.swift */,
				021E7E522BDE26C000760500 /* UserInfoManager.swift */,
				021E7E4E2BDD795800760500 /* SignUpTwoViewController.swift */,
				027FE2A02BDD723200007C2B /* SignUpOneViewController.swift */,
				024B81482BDD5ADE00511DD0 /* LoginViewController.swift */,
				024B81462BDD59AF00511DD0 /* SignUpViewController.swift */,
				024B813B2BDD569800511DD0 /* Assets.xcassets */,
				024B813D2BDD569800511DD0 /* LaunchScreen.storyboard */,
				024B81402BDD569800511DD0 /* Info.plist */,
			);
			path = "Bab-Al";
			sourceTree = "<group>";
		};
/* End PBXGroup section */

/* Begin PBXNativeTarget section */
		024B812E2BDD569600511DD0 /* Bab-Al */ = {
			isa = PBXNativeTarget;
			buildConfigurationList = 024B81432BDD569800511DD0 /* Build configuration list for PBXNativeTarget "Bab-Al" */;
			buildPhases = (
				024B812B2BDD569600511DD0 /* Sources */,
				024B812C2BDD569600511DD0 /* Frameworks */,
				024B812D2BDD569600511DD0 /* Resources */,
			);
			buildRules = (
			);
			dependencies = (
			);
			name = "Bab-Al";
			packageProductDependencies = (
				021E7E552BDE58C300760500 /* Alamofire */,
				021E7E572BDE58C300760500 /* AlamofireDynamic */,
			);
			productName = "Bab-Al";
			productReference = 024B812F2BDD569600511DD0 /* Bab-Al.app */;
			productType = "com.apple.product-type.application";
		};
/* End PBXNativeTarget section */

/* Begin PBXProject section */
		024B81272BDD569600511DD0 /* Project object */ = {
			isa = PBXProject;
			attributes = {
				BuildIndependentTargetsInParallel = 1;
				LastSwiftUpdateCheck = 1530;
				LastUpgradeCheck = 1530;
				TargetAttributes = {
					024B812E2BDD569600511DD0 = {
						CreatedOnToolsVersion = 15.3;
					};
				};
			};
			buildConfigurationList = 024B812A2BDD569600511DD0 /* Build configuration list for PBXProject "Bab-Al" */;
			compatibilityVersion = "Xcode 14.0";
			developmentRegion = en;
			hasScannedForEncodings = 0;
			knownRegions = (
				en,
				Base,
			);
			mainGroup = 024B81262BDD569600511DD0;
			packageReferences = (
				021E7E542BDE58C300760500 /* XCRemoteSwiftPackageReference "Alamofire" */,
			);
			productRefGroup = 024B81302BDD569600511DD0 /* Products */;
			projectDirPath = "";
			projectRoot = "";
			targets = (
				024B812E2BDD569600511DD0 /* Bab-Al */,
			);
		};
/* End PBXProject section */

/* Begin PBXResourcesBuildPhase section */
		024B812D2BDD569600511DD0 /* Resources */ = {
			isa = PBXResourcesBuildPhase;
			buildActionMask = 2147483647;
			files = (
				024B813C2BDD569800511DD0 /* Assets.xcassets in Resources */,
				024B813F2BDD569800511DD0 /* Base in Resources */,
				024B813A2BDD569600511DD0 /* Base in Resources */,
			);
			runOnlyForDeploymentPostprocessing = 0;
		};
/* End PBXResourcesBuildPhase section */

/* Begin PBXSourcesBuildPhase section */
		024B812B2BDD569600511DD0 /* Sources */ = {
			isa = PBXSourcesBuildPhase;
			buildActionMask = 2147483647;
			files = (
				024B81372BDD569600511DD0 /* ViewController.swift in Sources */,
				021E7E4F2BDD795800760500 /* SignUpTwoViewController.swift in Sources */,
				024B81332BDD569600511DD0 /* AppDelegate.swift in Sources */,
				024B81472BDD59AF00511DD0 /* SignUpViewController.swift in Sources */,
				027FE2A12BDD723200007C2B /* SignUpOneViewController.swift in Sources */,
				024B81492BDD5ADE00511DD0 /* LoginViewController.swift in Sources */,
				024B81352BDD569600511DD0 /* SceneDelegate.swift in Sources */,
				021E7E5A2BDEBB1300760500 /* DashboardViewController.swift in Sources */,
				021E7E512BDD843C00760500 /* SignUpThreeViewController.swift in Sources */,
				021E7E532BDE26C000760500 /* UserInfoManager.swift in Sources */,
			);
			runOnlyForDeploymentPostprocessing = 0;
		};
/* End PBXSourcesBuildPhase section */

/* Begin PBXVariantGroup section */
		024B81382BDD569600511DD0 /* Main.storyboard */ = {
			isa = PBXVariantGroup;
			children = (
				024B81392BDD569600511DD0 /* Base */,
			);
			name = Main.storyboard;
			sourceTree = "<group>";
		};
		024B813D2BDD569800511DD0 /* LaunchScreen.storyboard */ = {
			isa = PBXVariantGroup;
			children = (
				024B813E2BDD569800511DD0 /* Base */,
			);
			name = LaunchScreen.storyboard;
			sourceTree = "<group>";
		};
/* End PBXVariantGroup section */

/* Begin XCBuildConfiguration section */
		024B81412BDD569800511DD0 /* Debug */ = {
			isa = XCBuildConfiguration;
			buildSettings = {
				ALWAYS_SEARCH_USER_PATHS = NO;
				ASSETCATALOG_COMPILER_GENERATE_SWIFT_ASSET_SYMBOL_EXTENSIONS = YES;
				CLANG_ANALYZER_NONNULL = YES;
				CLANG_ANALYZER_NUMBER_OBJECT_CONVERSION = YES_AGGRESSIVE;
				CLANG_CXX_LANGUAGE_STANDARD = "gnu++20";
				CLANG_ENABLE_MODULES = YES;
				CLANG_ENABLE_OBJC_ARC = YES;
				CLANG_ENABLE_OBJC_WEAK = YES;
				CLANG_WARN_BLOCK_CAPTURE_AUTORELEASING = YES;
				CLANG_WARN_BOOL_CONVERSION = YES;
				CLANG_WARN_COMMA = YES;
				CLANG_WARN_CONSTANT_CONVERSION = YES;
				CLANG_WARN_DEPRECATED_OBJC_IMPLEMENTATIONS = YES;
				CLANG_WARN_DIRECT_OBJC_ISA_USAGE = YES_ERROR;
				CLANG_WARN_DOCUMENTATION_COMMENTS = YES;
				CLANG_WARN_EMPTY_BODY = YES;
				CLANG_WARN_ENUM_CONVERSION = YES;
				CLANG_WARN_INFINITE_RECURSION = YES;
				CLANG_WARN_INT_CONVERSION = YES;
				CLANG_WARN_NON_LITERAL_NULL_CONVERSION = YES;
				CLANG_WARN_OBJC_IMPLICIT_RETAIN_SELF = YES;
				CLANG_WARN_OBJC_LITERAL_CONVERSION = YES;
				CLANG_WARN_OBJC_ROOT_CLASS = YES_ERROR;
				CLANG_WARN_QUOTED_INCLUDE_IN_FRAMEWORK_HEADER = YES;
				CLANG_WARN_RANGE_LOOP_ANALYSIS = YES;
				CLANG_WARN_STRICT_PROTOTYPES = YES;
				CLANG_WARN_SUSPICIOUS_MOVE = YES;
				CLANG_WARN_UNGUARDED_AVAILABILITY = YES_AGGRESSIVE;
				CLANG_WARN_UNREACHABLE_CODE = YES;
				CLANG_WARN__DUPLICATE_METHOD_MATCH = YES;
				COPY_PHASE_STRIP = NO;
				DEBUG_INFORMATION_FORMAT = dwarf;
				ENABLE_STRICT_OBJC_MSGSEND = YES;
				ENABLE_TESTABILITY = YES;
				ENABLE_USER_SCRIPT_SANDBOXING = YES;
				GCC_C_LANGUAGE_STANDARD = gnu17;
				GCC_DYNAMIC_NO_PIC = NO;
				GCC_NO_COMMON_BLOCKS = YES;
				GCC_OPTIMIZATION_LEVEL = 0;
				GCC_PREPROCESSOR_DEFINITIONS = (
					"DEBUG=1",
					"$(inherited)",
				);
				GCC_WARN_64_TO_32_BIT_CONVERSION = YES;
				GCC_WARN_ABOUT_RETURN_TYPE = YES_ERROR;
				GCC_WARN_UNDECLARED_SELECTOR = YES;
				GCC_WARN_UNINITIALIZED_AUTOS = YES_AGGRESSIVE;
				GCC_WARN_UNUSED_FUNCTION = YES;
				GCC_WARN_UNUSED_VARIABLE = YES;
				IPHONEOS_DEPLOYMENT_TARGET = 17.4;
				LOCALIZATION_PREFERS_STRING_CATALOGS = YES;
				MTL_ENABLE_DEBUG_INFO = INCLUDE_SOURCE;
				MTL_FAST_MATH = YES;
				ONLY_ACTIVE_ARCH = YES;
				SDKROOT = iphoneos;
				SWIFT_ACTIVE_COMPILATION_CONDITIONS = "DEBUG $(inherited)";
				SWIFT_OPTIMIZATION_LEVEL = "-Onone";
			};
			name = Debug;
		};
		024B81422BDD569800511DD0 /* Release */ = {
			isa = XCBuildConfiguration;
			buildSettings = {
				ALWAYS_SEARCH_USER_PATHS = NO;
				ASSETCATALOG_COMPILER_GENERATE_SWIFT_ASSET_SYMBOL_EXTENSIONS = YES;
				CLANG_ANALYZER_NONNULL = YES;
				CLANG_ANALYZER_NUMBER_OBJECT_CONVERSION = YES_AGGRESSIVE;
				CLANG_CXX_LANGUAGE_STANDARD = "gnu++20";
				CLANG_ENABLE_MODULES = YES;
				CLANG_ENABLE_OBJC_ARC = YES;
				CLANG_ENABLE_OBJC_WEAK = YES;
				CLANG_WARN_BLOCK_CAPTURE_AUTORELEASING = YES;
				CLANG_WARN_BOOL_CONVERSION = YES;
				CLANG_WARN_COMMA = YES;
				CLANG_WARN_CONSTANT_CONVERSION = YES;
				CLANG_WARN_DEPRECATED_OBJC_IMPLEMENTATIONS = YES;
				CLANG_WARN_DIRECT_OBJC_ISA_USAGE = YES_ERROR;
				CLANG_WARN_DOCUMENTATION_COMMENTS = YES;
				CLANG_WARN_EMPTY_BODY = YES;
				CLANG_WARN_ENUM_CONVERSION = YES;
				CLANG_WARN_INFINITE_RECURSION = YES;
				CLANG_WARN_INT_CONVERSION = YES;
				CLANG_WARN_NON_LITERAL_NULL_CONVERSION = YES;
				CLANG_WARN_OBJC_IMPLICIT_RETAIN_SELF = YES;
				CLANG_WARN_OBJC_LITERAL_CONVERSION = YES;
				CLANG_WARN_OBJC_ROOT_CLASS = YES_ERROR;
				CLANG_WARN_QUOTED_INCLUDE_IN_FRAMEWORK_HEADER = YES;
				CLANG_WARN_RANGE_LOOP_ANALYSIS = YES;
				CLANG_WARN_STRICT_PROTOTYPES = YES;
				CLANG_WARN_SUSPICIOUS_MOVE = YES;
				CLANG_WARN_UNGUARDED_AVAILABILITY = YES_AGGRESSIVE;
				CLANG_WARN_UNREACHABLE_CODE = YES;
				CLANG_WARN__DUPLICATE_METHOD_MATCH = YES;
				COPY_PHASE_STRIP = NO;
				DEBUG_INFORMATION_FORMAT = "dwarf-with-dsym";
				ENABLE_NS_ASSERTIONS = NO;
				ENABLE_STRICT_OBJC_MSGSEND = YES;
				ENABLE_USER_SCRIPT_SANDBOXING = YES;
				GCC_C_LANGUAGE_STANDARD = gnu17;
				GCC_NO_COMMON_BLOCKS = YES;
				GCC_WARN_64_TO_32_BIT_CONVERSION = YES;
				GCC_WARN_ABOUT_RETURN_TYPE = YES_ERROR;
				GCC_WARN_UNDECLARED_SELECTOR = YES;
				GCC_WARN_UNINITIALIZED_AUTOS = YES_AGGRESSIVE;
				GCC_WARN_UNUSED_FUNCTION = YES;
				GCC_WARN_UNUSED_VARIABLE = YES;
				IPHONEOS_DEPLOYMENT_TARGET = 17.4;
				LOCALIZATION_PREFERS_STRING_CATALOGS = YES;
				MTL_ENABLE_DEBUG_INFO = NO;
				MTL_FAST_MATH = YES;
				SDKROOT = iphoneos;
				SWIFT_COMPILATION_MODE = wholemodule;
				VALIDATE_PRODUCT = YES;
			};
			name = Release;
		};
		024B81442BDD569800511DD0 /* Debug */ = {
			isa = XCBuildConfiguration;
			buildSettings = {
				ASSETCATALOG_COMPILER_APPICON_NAME = AppIcon;
				ASSETCATALOG_COMPILER_GLOBAL_ACCENT_COLOR_NAME = AccentColor;
				CODE_SIGN_STYLE = Automatic;
				CURRENT_PROJECT_VERSION = 1;
				DEVELOPMENT_TEAM = BJ46YT269A;
				GENERATE_INFOPLIST_FILE = YES;
				INFOPLIST_FILE = "Bab-Al/Info.plist";
				INFOPLIST_KEY_UIApplicationSupportsIndirectInputEvents = YES;
				INFOPLIST_KEY_UILaunchStoryboardName = LaunchScreen;
				INFOPLIST_KEY_UIMainStoryboardFile = Main;
				INFOPLIST_KEY_UISupportedInterfaceOrientations_iPad = "UIInterfaceOrientationPortrait UIInterfaceOrientationPortraitUpsideDown UIInterfaceOrientationLandscapeLeft UIInterfaceOrientationLandscapeRight";
				INFOPLIST_KEY_UISupportedInterfaceOrientations_iPhone = "UIInterfaceOrientationPortrait UIInterfaceOrientationLandscapeLeft UIInterfaceOrientationLandscapeRight";
				LD_RUNPATH_SEARCH_PATHS = (
					"$(inherited)",
					"@executable_path/Frameworks",
				);
				MARKETING_VERSION = 1.0;
				PRODUCT_BUNDLE_IDENTIFIER = "kr.ac.appdev.hongik.student.Bab-Al";
				PRODUCT_NAME = "$(TARGET_NAME)";
				SWIFT_EMIT_LOC_STRINGS = YES;
				SWIFT_VERSION = 5.0;
				TARGETED_DEVICE_FAMILY = "1,2";
			};
			name = Debug;
		};
		024B81452BDD569800511DD0 /* Release */ = {
			isa = XCBuildConfiguration;
			buildSettings = {
				ASSETCATALOG_COMPILER_APPICON_NAME = AppIcon;
				ASSETCATALOG_COMPILER_GLOBAL_ACCENT_COLOR_NAME = AccentColor;
				CODE_SIGN_STYLE = Automatic;
				CURRENT_PROJECT_VERSION = 1;
				DEVELOPMENT_TEAM = BJ46YT269A;
				GENERATE_INFOPLIST_FILE = YES;
				INFOPLIST_FILE = "Bab-Al/Info.plist";
				INFOPLIST_KEY_UIApplicationSupportsIndirectInputEvents = YES;
				INFOPLIST_KEY_UILaunchStoryboardName = LaunchScreen;
				INFOPLIST_KEY_UIMainStoryboardFile = Main;
				INFOPLIST_KEY_UISupportedInterfaceOrientations_iPad = "UIInterfaceOrientationPortrait UIInterfaceOrientationPortraitUpsideDown UIInterfaceOrientationLandscapeLeft UIInterfaceOrientationLandscapeRight";
				INFOPLIST_KEY_UISupportedInterfaceOrientations_iPhone = "UIInterfaceOrientationPortrait UIInterfaceOrientationLandscapeLeft UIInterfaceOrientationLandscapeRight";
				LD_RUNPATH_SEARCH_PATHS = (
					"$(inherited)",
					"@executable_path/Frameworks",
				);
				MARKETING_VERSION = 1.0;
				PRODUCT_BUNDLE_IDENTIFIER = "kr.ac.appdev.hongik.student.Bab-Al";
				PRODUCT_NAME = "$(TARGET_NAME)";
				SWIFT_EMIT_LOC_STRINGS = YES;
				SWIFT_VERSION = 5.0;
				TARGETED_DEVICE_FAMILY = "1,2";
			};
			name = Release;
		};
/* End XCBuildConfiguration section */

/* Begin XCConfigurationList section */
		024B812A2BDD569600511DD0 /* Build configuration list for PBXProject "Bab-Al" */ = {
			isa = XCConfigurationList;
			buildConfigurations = (
				024B81412BDD569800511DD0 /* Debug */,
				024B81422BDD569800511DD0 /* Release */,
			);
			defaultConfigurationIsVisible = 0;
			defaultConfigurationName = Release;
		};
		024B81432BDD569800511DD0 /* Build configuration list for PBXNativeTarget "Bab-Al" */ = {
			isa = XCConfigurationList;
			buildConfigurations = (
				024B81442BDD569800511DD0 /* Debug */,
				024B81452BDD569800511DD0 /* Release */,
			);
			defaultConfigurationIsVisible = 0;
			defaultConfigurationName = Release;
		};
/* End XCConfigurationList section */

/* Begin XCRemoteSwiftPackageReference section */
		021E7E542BDE58C300760500 /* XCRemoteSwiftPackageReference "Alamofire" */ = {
			isa = XCRemoteSwiftPackageReference;
			repositoryURL = "https://github.com/Alamofire/Alamofire.git";
			requirement = {
				kind = upToNextMajorVersion;
				minimumVersion = 5.9.1;
			};
		};
/* End XCRemoteSwiftPackageReference section */

/* Begin XCSwiftPackageProductDependency section */
		021E7E552BDE58C300760500 /* Alamofire */ = {
			isa = XCSwiftPackageProductDependency;
			package = 021E7E542BDE58C300760500 /* XCRemoteSwiftPackageReference "Alamofire" */;
			productName = Alamofire;
		};
		021E7E572BDE58C300760500 /* AlamofireDynamic */ = {
			isa = XCSwiftPackageProductDependency;
			package = 021E7E542BDE58C300760500 /* XCRemoteSwiftPackageReference "Alamofire" */;
			productName = AlamofireDynamic;
		};
/* End XCSwiftPackageProductDependency section */
	};
	rootObject = 024B81272BDD569600511DD0 /* Project object */;
}
